
Microsoft Visual Studio Solution File, Format Version 12.00
# Visual Studio Version 17
VisualStudioVersion = 17.0.31612.314
MinimumVisualStudioVersion = 10.0.40219.1
Project("{FAE04EC0-301F-11D3-BF4B-00C04F79EFBC}") = "Banco", "Banco\Banco.csproj", "{0D46ABF1-4ACF-4F18-BC53-69DF1CCBBC2A}"
EndProject
Global
	GlobalSection(SolutionConfigurationPlatforms) = preSolution
		Debug|Any CPU = Debug|Any CPU
		Release|Any CPU = Release|Any CPU
	EndGlobalSection
	GlobalSection(ProjectConfigurationPlatforms) = postSolution
		{0D46ABF1-4ACF-4F18-BC53-69DF1CCBBC2A}.Debug|Any CPU.ActiveCfg = Debug|Any CPU
		{0D46ABF1-4ACF-4F18-BC53-69DF1CCBBC2A}.Debug|Any CPU.Build.0 = Debug|Any CPU
		{0D46ABF1-4ACF-4F18-BC53-69DF1CCBBC2A}.Release|Any CPU.ActiveCfg = Release|Any CPU
		{0D46ABF1-4ACF-4F18-BC53-69DF1CCBBC2A}.Release|Any CPU.Build.0 = Release|Any CPU
	EndGlobalSection
	GlobalSection(SolutionProperties) = preSolution
		HideSolutionNode = FALSE
	EndGlobalSection
	GlobalSection(ExtensibilityGlobals) = postSolution
		SolutionGuid = {2D617E63-7237-4C4C-8B6B-FE063FDE4C7E}
	EndGlobalSection
EndGlobal
